
Microsoft Visual Studio Solution File, Format Version 12.00
# Visual Studio Version 17
VisualStudioVersion = 17.12.35527.113
MinimumVisualStudioVersion = 10.0.40219.1
Project("{FAE04EC0-301F-11D3-BF4B-00C04F79EFBC}") = "Car rental company", "Car rental company.csproj", "{D4FAC9CD-BC2E-4143-8EE6-151E9FAC40F9}"
EndProject
Project("{FAE04EC0-301F-11D3-BF4B-00C04F79EFBC}") = "Entities", "..\Entities\Entities.csproj", "{707B2ADB-3118-49E7-B1B9-B4A68C1B1D68}"
EndProject
Project("{FAE04EC0-301F-11D3-BF4B-00C04F79EFBC}") = "Reposetory", "..\Reposetory\Reposetory.csproj", "{9CF6EF4C-F6D3-4CAE-8CBD-8901BE2547F8}"
EndProject
Project("{FAE04EC0-301F-11D3-BF4B-00C04F79EFBC}") = "Database", "..\Database\Database.csproj", "{ADC3F56A-8B9F-4FB3-8208-982EC0282129}"
EndProject
Global
	GlobalSection(SolutionConfigurationPlatforms) = preSolution
		Debug|Any CPU = Debug|Any CPU
		Release|Any CPU = Release|Any CPU
	EndGlobalSection
	GlobalSection(ProjectConfigurationPlatforms) = postSolution
		{D4FAC9CD-BC2E-4143-8EE6-151E9FAC40F9}.Debug|Any CPU.ActiveCfg = Debug|Any CPU
		{D4FAC9CD-BC2E-4143-8EE6-151E9FAC40F9}.Debug|Any CPU.Build.0 = Debug|Any CPU
		{D4FAC9CD-BC2E-4143-8EE6-151E9FAC40F9}.Release|Any CPU.ActiveCfg = Release|Any CPU
		{D4FAC9CD-BC2E-4143-8EE6-151E9FAC40F9}.Release|Any CPU.Build.0 = Release|Any CPU
		{707B2ADB-3118-49E7-B1B9-B4A68C1B1D68}.Debug|Any CPU.ActiveCfg = Debug|Any CPU
		{707B2ADB-3118-49E7-B1B9-B4A68C1B1D68}.Debug|Any CPU.Build.0 = Debug|Any CPU
		{707B2ADB-3118-49E7-B1B9-B4A68C1B1D68}.Release|Any CPU.ActiveCfg = Release|Any CPU
		{707B2ADB-3118-49E7-B1B9-B4A68C1B1D68}.Release|Any CPU.Build.0 = Release|Any CPU
		{9CF6EF4C-F6D3-4CAE-8CBD-8901BE2547F8}.Debug|Any CPU.ActiveCfg = Debug|Any CPU
		{9CF6EF4C-F6D3-4CAE-8CBD-8901BE2547F8}.Debug|Any CPU.Build.0 = Debug|Any CPU
		{9CF6EF4C-F6D3-4CAE-8CBD-8901BE2547F8}.Release|Any CPU.ActiveCfg = Release|Any CPU
		{9CF6EF4C-F6D3-4CAE-8CBD-8901BE2547F8}.Release|Any CPU.Build.0 = Release|Any CPU
		{ADC3F56A-8B9F-4FB3-8208-982EC0282129}.Debug|Any CPU.ActiveCfg = Debug|Any CPU
		{ADC3F56A-8B9F-4FB3-8208-982EC0282129}.Debug|Any CPU.Build.0 = Debug|Any CPU
		{ADC3F56A-8B9F-4FB3-8208-982EC0282129}.Release|Any CPU.ActiveCfg = Release|Any CPU
		{ADC3F56A-8B9F-4FB3-8208-982EC0282129}.Release|Any CPU.Build.0 = Release|Any CPU
	EndGlobalSection
	GlobalSection(SolutionProperties) = preSolution
		HideSolutionNode = FALSE
	EndGlobalSection
EndGlobal
